
Microsoft Visual Studio Solution File, Format Version 12.00
Project("{FAE04EC0-301F-11D3-BF4B-00C04F79EFBC}") = "AdventOfCode2024.Day1", "AdventOfCode2024.Day1\AdventOfCode2024.Day1.csproj", "{58CDC7A7-06E0-4F09-986E-4D50340FF620}"
EndProject
Project("{FAE04EC0-301F-11D3-BF4B-00C04F79EFBC}") = "AdventOfCode2024.Day2", "AdventOfCode2024.Day2\AdventOfCode2024.Day2.csproj", "{8911D74B-E2AE-4CE7-B380-0BDABAE2834F}"
EndProject
Project("{FAE04EC0-301F-11D3-BF4B-00C04F79EFBC}") = "AdventOfCode2024.Day3", "AdventOfCode2024.Day3\AdventOfCode2024.Day3.csproj", "{29BA762E-F3B3-4FF1-BCA2-6BBAA6712D26}"
EndProject
Project("{FAE04EC0-301F-11D3-BF4B-00C04F79EFBC}") = "AdventOfCode2024.Day4", "AdventOfCode2024.Day4\AdventOfCode2024.Day4.csproj", "{FD7DD056-80FC-4A99-B43B-0DB520CB67E7}"
EndProject
Project("{FAE04EC0-301F-11D3-BF4B-00C04F79EFBC}") = "AdventOfCode2024.Day5", "AdventOfCode2024.Day5\AdventOfCode2024.Day5.csproj", "{218AD6A6-FC3C-4AEE-B7FC-4CB3DDFAAB82}"
EndProject
Project("{FAE04EC0-301F-11D3-BF4B-00C04F79EFBC}") = "AdventOfCode2024.Day6", "AdventOfCode2024.Day6\AdventOfCode2024.Day6.csproj", "{487D0E94-D1AF-4064-9EAB-D10CACEA0DD5}"
EndProject
Project("{FAE04EC0-301F-11D3-BF4B-00C04F79EFBC}") = "AdventOfCode2024.Day7", "AdventOfCode2024.Day7\AdventOfCode2024.Day7.csproj", "{20E7A15E-454C-483F-9BE6-60DDD152252F}"
EndProject
Global
	GlobalSection(SolutionConfigurationPlatforms) = preSolution
		Debug|Any CPU = Debug|Any CPU
		Release|Any CPU = Release|Any CPU
	EndGlobalSection
	GlobalSection(ProjectConfigurationPlatforms) = postSolution
		{58CDC7A7-06E0-4F09-986E-4D50340FF620}.Debug|Any CPU.ActiveCfg = Debug|Any CPU
		{58CDC7A7-06E0-4F09-986E-4D50340FF620}.Debug|Any CPU.Build.0 = Debug|Any CPU
		{58CDC7A7-06E0-4F09-986E-4D50340FF620}.Release|Any CPU.ActiveCfg = Release|Any CPU
		{58CDC7A7-06E0-4F09-986E-4D50340FF620}.Release|Any CPU.Build.0 = Release|Any CPU
		{8911D74B-E2AE-4CE7-B380-0BDABAE2834F}.Debug|Any CPU.ActiveCfg = Debug|Any CPU
		{8911D74B-E2AE-4CE7-B380-0BDABAE2834F}.Debug|Any CPU.Build.0 = Debug|Any CPU
		{8911D74B-E2AE-4CE7-B380-0BDABAE2834F}.Release|Any CPU.ActiveCfg = Release|Any CPU
		{8911D74B-E2AE-4CE7-B380-0BDABAE2834F}.Release|Any CPU.Build.0 = Release|Any CPU
		{29BA762E-F3B3-4FF1-BCA2-6BBAA6712D26}.Debug|Any CPU.ActiveCfg = Debug|Any CPU
		{29BA762E-F3B3-4FF1-BCA2-6BBAA6712D26}.Debug|Any CPU.Build.0 = Debug|Any CPU
		{29BA762E-F3B3-4FF1-BCA2-6BBAA6712D26}.Release|Any CPU.ActiveCfg = Release|Any CPU
		{29BA762E-F3B3-4FF1-BCA2-6BBAA6712D26}.Release|Any CPU.Build.0 = Release|Any CPU
		{FD7DD056-80FC-4A99-B43B-0DB520CB67E7}.Debug|Any CPU.ActiveCfg = Debug|Any CPU
		{FD7DD056-80FC-4A99-B43B-0DB520CB67E7}.Debug|Any CPU.Build.0 = Debug|Any CPU
		{FD7DD056-80FC-4A99-B43B-0DB520CB67E7}.Release|Any CPU.ActiveCfg = Release|Any CPU
		{FD7DD056-80FC-4A99-B43B-0DB520CB67E7}.Release|Any CPU.Build.0 = Release|Any CPU
		{218AD6A6-FC3C-4AEE-B7FC-4CB3DDFAAB82}.Debug|Any CPU.ActiveCfg = Debug|Any CPU
		{218AD6A6-FC3C-4AEE-B7FC-4CB3DDFAAB82}.Debug|Any CPU.Build.0 = Debug|Any CPU
		{218AD6A6-FC3C-4AEE-B7FC-4CB3DDFAAB82}.Release|Any CPU.ActiveCfg = Release|Any CPU
		{218AD6A6-FC3C-4AEE-B7FC-4CB3DDFAAB82}.Release|Any CPU.Build.0 = Release|Any CPU
		{487D0E94-D1AF-4064-9EAB-D10CACEA0DD5}.Debug|Any CPU.ActiveCfg = Debug|Any CPU
		{487D0E94-D1AF-4064-9EAB-D10CACEA0DD5}.Debug|Any CPU.Build.0 = Debug|Any CPU
		{487D0E94-D1AF-4064-9EAB-D10CACEA0DD5}.Release|Any CPU.ActiveCfg = Release|Any CPU
		{487D0E94-D1AF-4064-9EAB-D10CACEA0DD5}.Release|Any CPU.Build.0 = Release|Any CPU
		{20E7A15E-454C-483F-9BE6-60DDD152252F}.Debug|Any CPU.ActiveCfg = Debug|Any CPU
		{20E7A15E-454C-483F-9BE6-60DDD152252F}.Debug|Any CPU.Build.0 = Debug|Any CPU
		{20E7A15E-454C-483F-9BE6-60DDD152252F}.Release|Any CPU.ActiveCfg = Release|Any CPU
		{20E7A15E-454C-483F-9BE6-60DDD152252F}.Release|Any CPU.Build.0 = Release|Any CPU
	EndGlobalSection
EndGlobal
